<?xml version="1.0" encoding="utf-8"?>
<Project ToolsVersion="4.0" xmlns="http://schemas.microsoft.com/developer/msbuild/2003">
  <ItemGroup>
    <Filter Include="Source Files">
      <UniqueIdentifier>{774e2212-a65b-4ac2-bc7c-2e22908a8306}</UniqueIdentifier>
      <Extensions>cpp;c;cc;cxx;def;odl;idl;hpj;bat;asm;asmx</Extensions>
    </Filter>
    <Filter Include="Header Files">
      <UniqueIdentifier>{00ac7aed-e1e3-4527-b53d-ec27b93a7b5d}</UniqueIdentifier>
      <Extensions>h;hpp;hxx;hm;inl;inc;xsd</Extensions>
    </Filter>
    <Filter Include="Resource Files">
      <UniqueIdentifier>{ceafc4b2-5f5e-468c-8072-d7b832c2d941}</UniqueIdentifier>
      <Extensions>rc;ico;cur;bmp;dlg;rc2;rct;bin;rgs;gif;jpg;jpeg;jpe;resx;tiff;tif;png;wav;mfcribbon-ms</Extensions>
    </Filter>
  </ItemGroup>
  <ItemGroup>
    <ClCompile Include="plugin.c">
      <Filter>Source Files</Filter>
    </ClCompile>
  </ItemGroup>
  <ItemGroup>
    <ClInclude Include="include\curl\curl.h">
      <Filter>Header Files</Filter>
    </ClInclude>
    <ClInclude Include="include\libxml\HTMLparser.h">
      <Filter>Header Files</Filter>
    </ClInclude>
    <ClInclude Include="include\libxml\xpath.h">
      <Filter>Header Files</Filter>
    </ClInclude>
    <ClInclude Include="include\teamspeak3\teamspeak\clientlib_publicdefinitions.h">
      <Filter>Header Files</Filter>
    </ClInclude>
    <ClInclude Include="include\teamspeak3\teamspeak\public_definitions.h">
      <Filter>Header Files</Filter>
    </ClInclude>
    <ClInclude Include="include\teamspeak3\teamspeak\public_errors.h">
      <Filter>Header Files</Filter>
    </ClInclude>
    <ClInclude Include="include\teamspeak3\teamspeak\public_errors_rare.h">
      <Filter>Header Files</Filter>
    </ClInclude>
    <ClInclude Include="include\teamspeak3\teamspeak\public_rare_definitions.h">
      <Filter>Header Files</Filter>
    </ClInclude>
    <ClInclude Include="include\teamspeak3\ts3_functions.h">
      <Filter>Header Files</Filter>
    </ClInclude>
    <ClInclude Include="include\teamspeak3\teamlog\logtypes.h">
      <Filter>Header Files</Filter>
    </ClInclude>
    <ClInclude Include="plugin.h">
      <Filter>Header Files</Filter>
    </ClInclude>
  </ItemGroup>
</Project>